
Microsoft Visual Studio Solution File, Format Version 12.00
# Visual Studio Version 17
VisualStudioVersion = 17.5.002.0
MinimumVisualStudioVersion = 10.0.40219.1
Project("{9A19103F-16F7-4668-BE54-9A1E7A4F7556}") = "NumberGuessingGame", "NumberGuessingGame.csproj", "{20F931A3-F821-4C3E-BAEC-BD6DA379D4A3}"
EndProject
Global
	GlobalSection(SolutionConfigurationPlatforms) = preSolution
		Debug|Any CPU = Debug|Any CPU
		Release|Any CPU = Release|Any CPU
	EndGlobalSection
	GlobalSection(ProjectConfigurationPlatforms) = postSolution
		{20F931A3-F821-4C3E-BAEC-BD6DA379D4A3}.Debug|Any CPU.ActiveCfg = Debug|Any CPU
		{20F931A3-F821-4C3E-BAEC-BD6DA379D4A3}.Debug|Any CPU.Build.0 = Debug|Any CPU
		{20F931A3-F821-4C3E-BAEC-BD6DA379D4A3}.Release|Any CPU.ActiveCfg = Release|Any CPU
		{20F931A3-F821-4C3E-BAEC-BD6DA379D4A3}.Release|Any CPU.Build.0 = Release|Any CPU
	EndGlobalSection
	GlobalSection(SolutionProperties) = preSolution
		HideSolutionNode = FALSE
	EndGlobalSection
	GlobalSection(ExtensibilityGlobals) = postSolution
		SolutionGuid = {A89D327C-3290-4C8F-994A-38B77CC8E977}
	EndGlobalSection
EndGlobal
